
Microsoft Visual Studio Solution File, Format Version 12.00
# Visual Studio Version 17
VisualStudioVersion = 17.8.34330.188
MinimumVisualStudioVersion = 10.0.40219.1
Project("{FAE04EC0-301F-11D3-BF4B-00C04F79EFBC}") = "Gorilla Vehicles", "Gorilla Vehicles\Gorilla Vehicles.csproj", "{501F7471-02EF-4597-8A24-ECF9CD88B1C5}"
EndProject
Global
	GlobalSection(SolutionConfigurationPlatforms) = preSolution
		Debug|Any CPU = Debug|Any CPU
		Release|Any CPU = Release|Any CPU
	EndGlobalSection
	GlobalSection(ProjectConfigurationPlatforms) = postSolution
		{501F7471-02EF-4597-8A24-ECF9CD88B1C5}.Debug|Any CPU.ActiveCfg = Debug|Any CPU
		{501F7471-02EF-4597-8A24-ECF9CD88B1C5}.Debug|Any CPU.Build.0 = Debug|Any CPU
		{501F7471-02EF-4597-8A24-ECF9CD88B1C5}.Release|Any CPU.ActiveCfg = Release|Any CPU
		{501F7471-02EF-4597-8A24-ECF9CD88B1C5}.Release|Any CPU.Build.0 = Release|Any CPU
	EndGlobalSection
	GlobalSection(SolutionProperties) = preSolution
		HideSolutionNode = FALSE
	EndGlobalSection
	GlobalSection(ExtensibilityGlobals) = postSolution
		SolutionGuid = {B2AEA0B1-C8D3-41DD-B664-0598DC6B9CD0}
	EndGlobalSection
EndGlobal
